Microsoft Visual Studio Solution File, Format Version 12.00
# Visual Studio Version 17
VisualStudioVersion = 17.0.31903.59
MinimumVisualStudioVersion = 10.0.40219.1
Project("{FAE04EC0-301F-11D3-BF4B-00C04F79EFBC}") = "FenixFpm.Contracts", "src\FenixFpm.Contracts\FenixFpm.Contracts.csproj", "{DE926D95-EB9D-411B-8F83-A25D886209C6}"
EndProject
Project("{FAE04EC0-301F-11D3-BF4B-00C04F79EFBC}") = "FenixFpm.Core", "src\FenixFpm.Core\FenixFpm.Core.csproj", "{397594DB-E5AB-4C12-A682-849D44402624}"
EndProject
Project("{FAE04EC0-301F-11D3-BF4B-00C04F79EFBC}") = "FenixFpm.Infrastructure", "src\FenixFpm.Infrastructure\FenixFpm.Infrastructure.csproj", "{FEC01E03-4F6B-4DE9-8D6F-FCAE78846FB1}"
EndProject
Project("{FAE04EC0-301F-11D3-BF4B-00C04F79EFBC}") = "FenixFpm.Console", "src\FenixFpm.Console\FenixFpm.Console.csproj", "{4DE0ED38-2F01-4CF0-A88B-EB2B9C9643FC}"
EndProject
Project("{FAE04EC0-301F-11D3-BF4B-00C04F79EFBC}") = "FenixFpm.Desktop", "FenixFpm.Desktop\FenixFpm.Desktop.csproj", "{6BBB47CF-C62B-40CE-A95B-DD99C26A5104}"
EndProject
Project("{BC8A1FFA-BEE3-4634-8014-F334798102B3}") = "FenixFpm.Wasm", "src\FenixFpm.Wasm\FenixFpm.Wasm.vcxproj", "{A1E6B35B-1A4E-4C55-AE6A-27FEEB0D208B}"
EndProject
Global
	GlobalSection(SolutionConfigurationPlatforms) = preSolution
		Debug|Any CPU = Debug|Any CPU
		Debug|x64 = Debug|x64
		Debug|MSFS = Debug|MSFS
		Release|Any CPU = Release|Any CPU
		Release|x64 = Release|x64
		Release|MSFS = Release|MSFS
	EndGlobalSection
	GlobalSection(ProjectConfigurationPlatforms) = postSolution
		{DE926D95-EB9D-411B-8F83-A25D886209C6}.Debug|Any CPU.ActiveCfg = Debug|Any CPU
		{DE926D95-EB9D-411B-8F83-A25D886209C6}.Debug|Any CPU.Build.0 = Debug|Any CPU
		{DE926D95-EB9D-411B-8F83-A25D886209C6}.Debug|x64.ActiveCfg = Debug|x64
		{DE926D95-EB9D-411B-8F83-A25D886209C6}.Debug|x64.Build.0 = Debug|x64
		{DE926D95-EB9D-411B-8F83-A25D886209C6}.Debug|MSFS.ActiveCfg = Debug|Any CPU
		{DE926D95-EB9D-411B-8F83-A25D886209C6}.Debug|MSFS.Build.0 = Debug|Any CPU
		{DE926D95-EB9D-411B-8F83-A25D886209C6}.Release|Any CPU.ActiveCfg = Release|Any CPU
		{DE926D95-EB9D-411B-8F83-A25D886209C6}.Release|Any CPU.Build.0 = Release|Any CPU
		{DE926D95-EB9D-411B-8F83-A25D886209C6}.Release|x64.ActiveCfg = Release|x64
		{DE926D95-EB9D-411B-8F83-A25D886209C6}.Release|x64.Build.0 = Release|x64
		{DE926D95-EB9D-411B-8F83-A25D886209C6}.Release|MSFS.ActiveCfg = Release|Any CPU
		{DE926D95-EB9D-411B-8F83-A25D886209C6}.Release|MSFS.Build.0 = Release|Any CPU
		{397594DB-E5AB-4C12-A682-849D44402624}.Debug|Any CPU.ActiveCfg = Debug|Any CPU
		{397594DB-E5AB-4C12-A682-849D44402624}.Debug|Any CPU.Build.0 = Debug|Any CPU
		{397594DB-E5AB-4C12-A682-849D44402624}.Debug|x64.ActiveCfg = Debug|x64
		{397594DB-E5AB-4C12-A682-849D44402624}.Debug|x64.Build.0 = Debug|x64
		{397594DB-E5AB-4C12-A682-849D44402624}.Debug|MSFS.ActiveCfg = Debug|Any CPU
		{397594DB-E5AB-4C12-A682-849D44402624}.Debug|MSFS.Build.0 = Debug|Any CPU
		{397594DB-E5AB-4C12-A682-849D44402624}.Release|Any CPU.ActiveCfg = Release|Any CPU
		{397594DB-E5AB-4C12-A682-849D44402624}.Release|Any CPU.Build.0 = Release|Any CPU
		{397594DB-E5AB-4C12-A682-849D44402624}.Release|x64.ActiveCfg = Release|x64
		{397594DB-E5AB-4C12-A682-849D44402624}.Release|x64.Build.0 = Release|x64
		{397594DB-E5AB-4C12-A682-849D44402624}.Release|MSFS.ActiveCfg = Release|Any CPU
		{397594DB-E5AB-4C12-A682-849D44402624}.Release|MSFS.Build.0 = Release|Any CPU
		{FEC01E03-4F6B-4DE9-8D6F-FCAE78846FB1}.Debug|Any CPU.ActiveCfg = Debug|Any CPU
		{FEC01E03-4F6B-4DE9-8D6F-FCAE78846FB1}.Debug|Any CPU.Build.0 = Debug|Any CPU
		{FEC01E03-4F6B-4DE9-8D6F-FCAE78846FB1}.Debug|x64.ActiveCfg = Debug|x64
		{FEC01E03-4F6B-4DE9-8D6F-FCAE78846FB1}.Debug|x64.Build.0 = Debug|x64
		{FEC01E03-4F6B-4DE9-8D6F-FCAE78846FB1}.Debug|MSFS.ActiveCfg = Debug|Any CPU
		{FEC01E03-4F6B-4DE9-8D6F-FCAE78846FB1}.Debug|MSFS.Build.0 = Debug|Any CPU
		{FEC01E03-4F6B-4DE9-8D6F-FCAE78846FB1}.Release|Any CPU.ActiveCfg = Release|Any CPU
		{FEC01E03-4F6B-4DE9-8D6F-FCAE78846FB1}.Release|Any CPU.Build.0 = Release|Any CPU
		{FEC01E03-4F6B-4DE9-8D6F-FCAE78846FB1}.Release|x64.ActiveCfg = Release|x64
		{FEC01E03-4F6B-4DE9-8D6F-FCAE78846FB1}.Release|x64.Build.0 = Release|x64
		{FEC01E03-4F6B-4DE9-8D6F-FCAE78846FB1}.Release|MSFS.ActiveCfg = Release|Any CPU
		{FEC01E03-4F6B-4DE9-8D6F-FCAE78846FB1}.Release|MSFS.Build.0 = Release|Any CPU
		{4DE0ED38-2F01-4CF0-A88B-EB2B9C9643FC}.Debug|Any CPU.ActiveCfg = Debug|Any CPU
		{4DE0ED38-2F01-4CF0-A88B-EB2B9C9643FC}.Debug|Any CPU.Build.0 = Debug|Any CPU
		{4DE0ED38-2F01-4CF0-A88B-EB2B9C9643FC}.Debug|x64.ActiveCfg = Debug|x64
		{4DE0ED38-2F01-4CF0-A88B-EB2B9C9643FC}.Debug|x64.Build.0 = Debug|x64
		{4DE0ED38-2F01-4CF0-A88B-EB2B9C9643FC}.Debug|MSFS.ActiveCfg = Debug|Any CPU
		{4DE0ED38-2F01-4CF0-A88B-EB2B9C9643FC}.Debug|MSFS.Build.0 = Debug|Any CPU
		{4DE0ED38-2F01-4CF0-A88B-EB2B9C9643FC}.Release|Any CPU.ActiveCfg = Release|Any CPU
		{4DE0ED38-2F01-4CF0-A88B-EB2B9C9643FC}.Release|Any CPU.Build.0 = Release|Any CPU
		{4DE0ED38-2F01-4CF0-A88B-EB2B9C9643FC}.Release|x64.ActiveCfg = Release|x64
		{4DE0ED38-2F01-4CF0-A88B-EB2B9C9643FC}.Release|x64.Build.0 = Release|x64
		{4DE0ED38-2F01-4CF0-A88B-EB2B9C9643FC}.Release|MSFS.ActiveCfg = Release|Any CPU
		{4DE0ED38-2F01-4CF0-A88B-EB2B9C9643FC}.Release|MSFS.Build.0 = Release|Any CPU
		{6BBB47CF-C62B-40CE-A95B-DD99C26A5104}.Debug|Any CPU.ActiveCfg = Debug|Any CPU
		{6BBB47CF-C62B-40CE-A95B-DD99C26A5104}.Debug|Any CPU.Build.0 = Debug|Any CPU
		{6BBB47CF-C62B-40CE-A95B-DD99C26A5104}.Debug|x64.ActiveCfg = Debug|x64
		{6BBB47CF-C62B-40CE-A95B-DD99C26A5104}.Debug|x64.Build.0 = Debug|x64
		{6BBB47CF-C62B-40CE-A95B-DD99C26A5104}.Debug|MSFS.ActiveCfg = Debug|Any CPU
		{6BBB47CF-C62B-40CE-A95B-DD99C26A5104}.Debug|MSFS.Build.0 = Debug|Any CPU
		{6BBB47CF-C62B-40CE-A95B-DD99C26A5104}.Release|Any CPU.ActiveCfg = Release|Any CPU
		{6BBB47CF-C62B-40CE-A95B-DD99C26A5104}.Release|Any CPU.Build.0 = Release|Any CPU
		{6BBB47CF-C62B-40CE-A95B-DD99C26A5104}.Release|x64.ActiveCfg = Release|x64
		{6BBB47CF-C62B-40CE-A95B-DD99C26A5104}.Release|x64.Build.0 = Release|x64
		{6BBB47CF-C62B-40CE-A95B-DD99C26A5104}.Release|MSFS.ActiveCfg = Release|Any CPU
		{6BBB47CF-C62B-40CE-A95B-DD99C26A5104}.Release|MSFS.Build.0 = Release|Any CPU
		{A1E6B35B-1A4E-4C55-AE6A-27FEEB0D208B}.Debug|Any CPU.ActiveCfg = Debug|MSFS
		{A1E6B35B-1A4E-4C55-AE6A-27FEEB0D208B}.Debug|x64.ActiveCfg = Debug|MSFS
		{A1E6B35B-1A4E-4C55-AE6A-27FEEB0D208B}.Debug|x64.Build.0 = Debug|MSFS
		{A1E6B35B-1A4E-4C55-AE6A-27FEEB0D208B}.Debug|MSFS.ActiveCfg = Debug|MSFS
		{A1E6B35B-1A4E-4C55-AE6A-27FEEB0D208B}.Debug|MSFS.Build.0 = Debug|MSFS
		{A1E6B35B-1A4E-4C55-AE6A-27FEEB0D208B}.Release|Any CPU.ActiveCfg = Release|MSFS
		{A1E6B35B-1A4E-4C55-AE6A-27FEEB0D208B}.Release|x64.ActiveCfg = Release|MSFS
		{A1E6B35B-1A4E-4C55-AE6A-27FEEB0D208B}.Release|x64.Build.0 = Release|MSFS
		{A1E6B35B-1A4E-4C55-AE6A-27FEEB0D208B}.Release|MSFS.ActiveCfg = Release|MSFS
		{A1E6B35B-1A4E-4C55-AE6A-27FEEB0D208B}.Release|MSFS.Build.0 = Release|MSFS
	EndGlobalSection
	GlobalSection(SolutionProperties) = preSolution
		HideSolutionNode = FALSE
	EndGlobalSection
EndGlobal
